
Microsoft Visual Studio Solution File, Format Version 12.00
# Visual Studio Version 16
VisualStudioVersion = 16.0.32002.261
MinimumVisualStudioVersion = 10.0.40219.1
Project("{FAE04EC0-301F-11D3-BF4B-00C04F79EFBC}") = "CalculadoraSOAP", "CalculadoraSOAP.csproj", "{2F1C0222-72C3-4835-BA7D-F450B18A81E8}"
EndProject
Project("{FAE04EC0-301F-11D3-BF4B-00C04F79EFBC}") = "ClienteCalculadora", "..\ClienteCalculadora\ClienteCalculadora.csproj", "{5AE9D98F-CB99-479C-9135-DF62249BCA66}"
EndProject
Global
	GlobalSection(SolutionConfigurationPlatforms) = preSolution
		Debug|Any CPU = Debug|Any CPU
		Release|Any CPU = Release|Any CPU
	EndGlobalSection
	GlobalSection(ProjectConfigurationPlatforms) = postSolution
		{2F1C0222-72C3-4835-BA7D-F450B18A81E8}.Debug|Any CPU.ActiveCfg = Debug|Any CPU
		{2F1C0222-72C3-4835-BA7D-F450B18A81E8}.Debug|Any CPU.Build.0 = Debug|Any CPU
		{2F1C0222-72C3-4835-BA7D-F450B18A81E8}.Release|Any CPU.ActiveCfg = Release|Any CPU
		{2F1C0222-72C3-4835-BA7D-F450B18A81E8}.Release|Any CPU.Build.0 = Release|Any CPU
		{5AE9D98F-CB99-479C-9135-DF62249BCA66}.Debug|Any CPU.ActiveCfg = Debug|Any CPU
		{5AE9D98F-CB99-479C-9135-DF62249BCA66}.Debug|Any CPU.Build.0 = Debug|Any CPU
		{5AE9D98F-CB99-479C-9135-DF62249BCA66}.Release|Any CPU.ActiveCfg = Release|Any CPU
		{5AE9D98F-CB99-479C-9135-DF62249BCA66}.Release|Any CPU.Build.0 = Release|Any CPU
	EndGlobalSection
	GlobalSection(SolutionProperties) = preSolution
		HideSolutionNode = FALSE
	EndGlobalSection
	GlobalSection(ExtensibilityGlobals) = postSolution
		SolutionGuid = {F0D2ACF2-9139-4AE9-944A-DAFA0734E9CA}
	EndGlobalSection
EndGlobal
